PODS:
  - AFNetworking (2.5.4):
    - AFNetworking/NSURLConnection (= 2.5.4)
    - AFNetworking/NSURLSession (= 2.5.4)
    - AFNetworking/Reachability (= 2.5.4)
    - AFNetworking/Security (= 2.5.4)
    - AFNetworking/Serialization (= 2.5.4)
    - AFNetworking/UIKit (= 2.5.4)
  - AFNetworking/NSURLConnection (2.5.4):
    - AFNetworking/Reachability
    - AFNetworking/Security
    - AFNetworking/Serialization
  - AFNetworking/NSURLSession (2.5.4):
    - AFNetworking/Reachability
    - AFNetworking/Security
    - AFNetworking/Serialization
  - AFNetworking/Reachability (2.5.4)
  - AFNetworking/Security (2.5.4)
  - AFNetworking/Serialization (2.5.4)
  - AFNetworking/UIKit (2.5.4):
    - AFNetworking/NSURLConnection
    - AFNetworking/NSURLSession
  - Expecta (1.0.0)
  - FMDB (2.5):
    - FMDB/standard (= 2.5)
  - FMDB/common (2.5)
  - FMDB/standard (2.5):
    - FMDB/common
  - Functional.m (1.0.0)
  - KTBTaskQueue (1.0.1):
    - FMDB (~> 2.0)
  - NSString-UrlEncode (2.0.0)
  - NSURL+QueryDictionary (1.0.3)
  - OCMock (3.1.2)
  - OHHTTPStubs (4.0.2)
  - Realm (0.90.6):
    - Realm/Headers (= 0.90.6)
  - Realm+JSON (0.2.5):
    - Realm (~> 0.90)
  - Realm-Rest (2.0.7):
    - AFNetworking (~> 2.5.0)
    - Functional.m (~> 1.0.0)
    - KTBTaskQueue (~> 1.0.1)
    - NSString-UrlEncode (~> 2.0.0)
    - NSURL+QueryDictionary (~> 1.0.3)
    - Realm (~> 0.90.5)
    - Realm+JSON (~> 0.2.5)
  - Realm/Headers (0.90.6)
  - Specta (0.3.0.beta1)

DEPENDENCIES:
  - Expecta
  - OCMock
  - OHHTTPStubs
  - Realm-Rest (from `../`)
  - Specta (from `https://github.com/specta/specta.git`, tag `v0.3.0.beta1`)

EXTERNAL SOURCES:
  Realm-Rest:
    :path: ../
  Specta:
    :git: https://github.com/specta/specta.git
    :tag: v0.3.0.beta1

CHECKOUT OPTIONS:
  Specta:
    :git: https://github.com/specta/specta.git
    :tag: v0.3.0.beta1

SPEC CHECKSUMS:
  AFNetworking: 05edc0ac4c4c8cf57bcf4b84be5b0744b6d8e71e
  Expecta: 32604574add2c46a36f8d2f716b6c5736eb75024
  FMDB: 96e8f1bcc1329e269330f99770ad4285d9003e52
  Functional.m: 072ea6a57954f7792a3aaf19042ed6d3258e3026
  KTBTaskQueue: cfa9fde2a0882a67f423dfe8b29c3d976358d8e7
  NSString-UrlEncode: d26eb4378531911d54694733143dd493c1571f5c
  NSURL+QueryDictionary: 06f93589c2948128321ea562592ed6bf1c84d070
  OCMock: a10ea9f0a6e921651f96f78b6faee95ebc813b92
  OHHTTPStubs: dbd1957d414659783e07b49c961940b7564c23d9
  Realm: a4b2766a29006293693a0f26664ecb5a84a54455
  Realm+JSON: 93dc6d91a8cffdb09e8d872f74f8dc3d8676715d
  Realm-Rest: 41c662ba73b3f15a7d74ea716af266cf6ec33e4d
  Specta: d2158a483ad179e5f8d3a29f75ff4fc0ff6fab16

COCOAPODS: 0.37.2
