PODS:
  - Expecta (0.3.1)
  - NSString-UrlEncode (2.0.0)
  - NSURL+QueryDictionary (1.0.3)
  - Realm (0.90.2):
    - Realm/Headers (= 0.90.2)
  - Realm-Rest (0.1.0):
    - NSString-UrlEncode (~> 2.0.0)
    - NSURL+QueryDictionary (~> 1.0.3)
    - Realm (~> 0.90.2)
  - Realm/Headers (0.90.2)
  - Specta (0.3.0.beta1)

DEPENDENCIES:
  - Expecta
  - Realm-Rest (from `../`)
  - Specta (from `https://github.com/specta/specta.git`, tag `v0.3.0.beta1`)

EXTERNAL SOURCES:
  Realm-Rest:
    :path: ../
  Specta:
    :git: https://github.com/specta/specta.git
    :tag: v0.3.0.beta1

CHECKOUT OPTIONS:
  Specta:
    :git: https://github.com/specta/specta.git
    :tag: v0.3.0.beta1

SPEC CHECKSUMS:
  Expecta: 03aabd0a89d8dea843baecb19a7fd7466a69a31d
  NSString-UrlEncode: 884ff989b77aeec0fe25474edc32ad7e31ffc5ff
  NSURL+QueryDictionary: 1ad81be60c10e3f4d80c5c4beb7125de96aaec5e
  Realm: e5e2a23e34e1f8c00a1484c130a9d00c1394a2af
  Realm-Rest: fe106d8bdd027077a51cba8da2e0205b2bd5278e
  Specta: d2158a483ad179e5f8d3a29f75ff4fc0ff6fab16

COCOAPODS: 0.36.0.beta.1
